
Microsoft Visual Studio Solution File, Format Version 12.00
# Visual Studio Version 16
VisualStudioVersion = 16.0.30804.86
MinimumVisualStudioVersion = 10.0.40219.1
Project("{8BC9CEB8-8B4A-11D0-8D11-00A0C91BC942}") = "assignment_8", "assignment_8\assignment_8.vcxproj", "{2571B54A-8B99-487A-A4DE-A7DD7169A8C2}"
EndProject
Global
	GlobalSection(SolutionConfigurationPlatforms) = preSolution
		Debug|x64 = Debug|x64
		Debug|x86 = Debug|x86
		Release|x64 = Release|x64
		Release|x86 = Release|x86
	EndGlobalSection
	GlobalSection(ProjectConfigurationPlatforms) = postSolution
		{2571B54A-8B99-487A-A4DE-A7DD7169A8C2}.Debug|x64.ActiveCfg = Debug|x64
		{2571B54A-8B99-487A-A4DE-A7DD7169A8C2}.Debug|x64.Build.0 = Debug|x64
		{2571B54A-8B99-487A-A4DE-A7DD7169A8C2}.Debug|x86.ActiveCfg = Debug|Win32
		{2571B54A-8B99-487A-A4DE-A7DD7169A8C2}.Debug|x86.Build.0 = Debug|Win32
		{2571B54A-8B99-487A-A4DE-A7DD7169A8C2}.Release|x64.ActiveCfg = Release|x64
		{2571B54A-8B99-487A-A4DE-A7DD7169A8C2}.Release|x64.Build.0 = Release|x64
		{2571B54A-8B99-487A-A4DE-A7DD7169A8C2}.Release|x86.ActiveCfg = Release|Win32
		{2571B54A-8B99-487A-A4DE-A7DD7169A8C2}.Release|x86.Build.0 = Release|Win32
	EndGlobalSection
	GlobalSection(SolutionProperties) = preSolution
		HideSolutionNode = FALSE
	EndGlobalSection
	GlobalSection(ExtensibilityGlobals) = postSolution
		SolutionGuid = {B578B964-D60E-4653-9ED2-7CB0F8AB398F}
	EndGlobalSection
EndGlobal
